
Microsoft Visual Studio Solution File, Format Version 12.00
Project("{FAE04EC0-301F-11D3-BF4B-00C04F79EFBC}") = "ToDoListTake2", "ToDoListTake2\ToDoListTake2.csproj", "{60A41672-A91B-4389-8E30-03F43E90C8A1}"
EndProject
Global
	GlobalSection(SolutionConfigurationPlatforms) = preSolution
		Debug|Any CPU = Debug|Any CPU
		Release|Any CPU = Release|Any CPU
	EndGlobalSection
	GlobalSection(ProjectConfigurationPlatforms) = postSolution
		{60A41672-A91B-4389-8E30-03F43E90C8A1}.Debug|Any CPU.ActiveCfg = Debug|Any CPU
		{60A41672-A91B-4389-8E30-03F43E90C8A1}.Debug|Any CPU.Build.0 = Debug|Any CPU
		{60A41672-A91B-4389-8E30-03F43E90C8A1}.Release|Any CPU.ActiveCfg = Release|Any CPU
		{60A41672-A91B-4389-8E30-03F43E90C8A1}.Release|Any CPU.Build.0 = Release|Any CPU
	EndGlobalSection
EndGlobal
